
Microsoft Visual Studio Solution File, Format Version 12.00
# Visual Studio Version 16
VisualStudioVersion = 16.0.32002.261
MinimumVisualStudioVersion = 10.0.40219.1
Project("{FAE04EC0-301F-11D3-BF4B-00C04F79EFBC}") = "PostgradSystem", "PostgradSystem.csproj", "{30528172-E0AC-4648-9B74-95637F5C6CF9}"
EndProject
Global
	GlobalSection(SolutionConfigurationPlatforms) = preSolution
		Debug|Any CPU = Debug|Any CPU
		Release|Any CPU = Release|Any CPU
	EndGlobalSection
	GlobalSection(ProjectConfigurationPlatforms) = postSolution
		{30528172-E0AC-4648-9B74-95637F5C6CF9}.Debug|Any CPU.ActiveCfg = Debug|Any CPU
		{30528172-E0AC-4648-9B74-95637F5C6CF9}.Debug|Any CPU.Build.0 = Debug|Any CPU
		{30528172-E0AC-4648-9B74-95637F5C6CF9}.Release|Any CPU.ActiveCfg = Release|Any CPU
		{30528172-E0AC-4648-9B74-95637F5C6CF9}.Release|Any CPU.Build.0 = Release|Any CPU
	EndGlobalSection
	GlobalSection(SolutionProperties) = preSolution
		HideSolutionNode = FALSE
	EndGlobalSection
	GlobalSection(ExtensibilityGlobals) = postSolution
		SolutionGuid = {5EA757BA-8A03-4939-981E-D5389929FCF6}
	EndGlobalSection
EndGlobal
